// !$*UTF8*$!
{
	archiveVersion = 1;
	classes = {
	};
	objectVersion = 46;
	objects = {

/* Begin PBXBuildFile section */
		4E4D0A4B1B5A746D008EAAA3 /* main.m in Sources */ = {isa = PBXBuildFile; fileRef = 4E4D0A4A1B5A746D008EAAA3 /* main.m */; };
		4E4D0A4E1B5A746D008EAAA3 /* AppDelegate.m in Sources */ = {isa = PBXBuildFile; fileRef = 4E4D0A4D1B5A746D008EAAA3 /* AppDelegate.m */; };
		4E4D0A511B5A746D008EAAA3 /* WuZiChi.xcdatamodeld in Sources */ = {isa = PBXBuildFile; fileRef = 4E4D0A4F1B5A746D008EAAA3 /* WuZiChi.xcdatamodeld */; };
		4E4D0A541B5A746D008EAAA3 /* ViewController.m in Sources */ = {isa = PBXBuildFile; fileRef = 4E4D0A531B5A746D008EAAA3 /* ViewController.m */; };
		4E4D0A571B5A746D008EAAA3 /* Main.storyboard in Resources */ = {isa = PBXBuildFile; fileRef = 4E4D0A551B5A746D008EAAA3 /* Main.storyboard */; };
		4E4D0A591B5A746D008EAAA3 /* Images.xcassets in Resources */ = {isa = PBXBuildFile; fileRef = 4E4D0A581B5A746D008EAAA3 /* Images.xcassets */; };
		4E4D0A5C1B5A746D008EAAA3 /* LaunchScreen.xib in Resources */ = {isa = PBXBuildFile; fileRef = 4E4D0A5A1B5A746D008EAAA3 /* LaunchScreen.xib */; };
		4E4D0A681B5A746D008EAAA3 /* WuZiChiTests.m in Sources */ = {isa = PBXBuildFile; fileRef = 4E4D0A671B5A746D008EAAA3 /* WuZiChiTests.m */; };
		4E4D0A771B5A7495008EAAA3 /* FivePoint.m in Sources */ = {isa = PBXBuildFile; fileRef = 4E4D0A721B5A7495008EAAA3 /* FivePoint.m */; };
		4E4D0A7D1B5A81AA008EAAA3 /* WinnerChecker.m in Sources */ = {isa = PBXBuildFile; fileRef = 4E4D0A7C1B5A81AA008EAAA3 /* WinnerChecker.m */; };
		4E4D0A881B5AAC97008EAAA3 /* MatrixView.m in Sources */ = {isa = PBXBuildFile; fileRef = 4E4D0A851B5AAC97008EAAA3 /* MatrixView.m */; };
		4E4D0A891B5AAC97008EAAA3 /* DotView.m in Sources */ = {isa = PBXBuildFile; fileRef = 4E4D0A871B5AAC97008EAAA3 /* DotView.m */; };
/* End PBXBuildFile section */

/* Begin PBXContainerItemProxy section */
		4E4D0A621B5A746D008EAAA3 /* PBXContainerItemProxy */ = {
			isa = PBXContainerItemProxy;
			containerPortal = 4E4D0A3D1B5A746D008EAAA3 /* Project object */;
			proxyType = 1;
			remoteGlobalIDString = 4E4D0A441B5A746D008EAAA3;
			remoteInfo = WuZiChi;
		};
/* End PBXContainerItemProxy section */

/* Begin PBXFileReference section */
		4E4D0A451B5A746D008EAAA3 /* WuZiChi.app */ = {isa = PBXFileReference; explicitFileType = wrapper.application; includeInIndex = 0; path = WuZiChi.app; sourceTree = BUILT_PRODUCTS_DIR; };
		4E4D0A491B5A746D008EAAA3 /* Info.plist */ = {isa = PBXFileReference; lastKnownFileType = text.plist.xml; path = Info.plist; sourceTree = "<group>"; };
		4E4D0A4A1B5A746D008EAAA3 /* main.m */ = {isa = PBXFileReference; lastKnownFileType = sourcecode.c.objc; path = main.m; sourceTree = "<group>"; };
		4E4D0A4C1B5A746D008EAAA3 /* AppDelegate.h */ = {isa = PBXFileReference; lastKnownFileType = sourcecode.c.h; path = AppDelegate.h; sourceTree = "<group>"; };
		4E4D0A4D1B5A746D008EAAA3 /* AppDelegate.m */ = {isa = PBXFileReference; lastKnownFileType = sourcecode.c.objc; path = AppDelegate.m; sourceTree = "<group>"; };
		4E4D0A501B5A746D008EAAA3 /* WuZiChi.xcdatamodel */ = {isa = PBXFileReference; lastKnownFileType = wrapper.xcdatamodel; path = WuZiChi.xcdatamodel; sourceTree = "<group>"; };
		4E4D0A521B5A746D008EAAA3 /* ViewController.h */ = {isa = PBXFileReference; lastKnownFileType = sourcecode.c.h; path = ViewController.h; sourceTree = "<group>"; };
		4E4D0A531B5A746D008EAAA3 /* ViewController.m */ = {isa = PBXFileReference; lastKnownFileType = sourcecode.c.objc; path = ViewController.m; sourceTree = "<group>"; };
		4E4D0A561B5A746D008EAAA3 /* Base */ = {isa = PBXFileReference; lastKnownFileType = file.storyboard; name = Base; path = Base.lproj/Main.storyboard; sourceTree = "<group>"; };
		4E4D0A581B5A746D008EAAA3 /* Images.xcassets */ = {isa = PBXFileReference; lastKnownFileType = folder.assetcatalog; path = Images.xcassets; sourceTree = "<group>"; };
		4E4D0A5B1B5A746D008EAAA3 /* Base */ = {isa = PBXFileReference; lastKnownFileType = file.xib; name = Base; path = Base.lproj/LaunchScreen.xib; sourceTree = "<group>"; };
		4E4D0A611B5A746D008EAAA3 /* WuZiChiTests.xctest */ = {isa = PBXFileReference; explicitFileType = wrapper.cfbundle; includeInIndex = 0; path = WuZiChiTests.xctest; sourceTree = BUILT_PRODUCTS_DIR; };
		4E4D0A661B5A746D008EAAA3 /* Info.plist */ = {isa = PBXFileReference; lastKnownFileType = text.plist.xml; path = Info.plist; sourceTree = "<group>"; };
		4E4D0A671B5A746D008EAAA3 /* WuZiChiTests.m */ = {isa = PBXFileReference; lastKnownFileType = sourcecode.c.objc; path = WuZiChiTests.m; sourceTree = "<group>"; };
		4E4D0A711B5A7495008EAAA3 /* FivePoint.h */ = {isa = PBXFileReference; fileEncoding = 4; lastKnownFileType = sourcecode.c.h; path = FivePoint.h; sourceTree = "<group>"; };
		4E4D0A721B5A7495008EAAA3 /* FivePoint.m */ = {isa = PBXFileReference; fileEncoding = 4; lastKnownFileType = sourcecode.c.objc; path = FivePoint.m; sourceTree = "<group>"; };
		4E4D0A7B1B5A81AA008EAAA3 /* WinnerChecker.h */ = {isa = PBXFileReference; fileEncoding = 4; lastKnownFileType = sourcecode.c.h; path = WinnerChecker.h; sourceTree = "<group>"; };
		4E4D0A7C1B5A81AA008EAAA3 /* WinnerChecker.m */ = {isa = PBXFileReference; fileEncoding = 4; lastKnownFileType = sourcecode.c.objc; path = WinnerChecker.m; sourceTree = "<group>"; };
		4E4D0A841B5AAC97008EAAA3 /* MatrixView.h */ = {isa = PBXFileReference; fileEncoding = 4; lastKnownFileType = sourcecode.c.h; path = MatrixView.h; sourceTree = "<group>"; };
		4E4D0A851B5AAC97008EAAA3 /* MatrixView.m */ = {isa = PBXFileReference; fileEncoding = 4; lastKnownFileType = sourcecode.c.objc; path = MatrixView.m; sourceTree = "<group>"; };
		4E4D0A861B5AAC97008EAAA3 /* DotView.h */ = {isa = PBXFileReference; fileEncoding = 4; lastKnownFileType = sourcecode.c.h; path = DotView.h; sourceTree = "<group>"; };
		4E4D0A871B5AAC97008EAAA3 /* DotView.m */ = {isa = PBXFileReference; fileEncoding = 4; lastKnownFileType = sourcecode.c.objc; path = DotView.m; sourceTree = "<group>"; };
/* End PBXFileReference section */

/* Begin PBXFrameworksBuildPhase section */
		4E4D0A421B5A746D008EAAA3 /* Frameworks */ = {
			isa = PBXFrameworksBuildPhase;
			buildActionMask = 2147483647;
			files = (
			);
			runOnlyForDeploymentPostprocessing = 0;
		};
		4E4D0A5E1B5A746D008EAAA3 /* Frameworks */ = {
			isa = PBXFrameworksBuildPhase;
			buildActionMask = 2147483647;
			files = (
			);
			runOnlyForDeploymentPostprocessing = 0;
		};
/* End PBXFrameworksBuildPhase section */

/* Begin PBXGroup section */
		4E4D0A3C1B5A746D008EAAA3 = {
			isa = PBXGroup;
			children = (
				4E4D0A471B5A746D008EAAA3 /* WuZiChi */,
				4E4D0A641B5A746D008EAAA3 /* WuZiChiTests */,
				4E4D0A461B5A746D008EAAA3 /* Products */,
			);
			sourceTree = "<group>";
		};
		4E4D0A461B5A746D008EAAA3 /* Products */ = {
			isa = PBXGroup;
			children = (
				4E4D0A451B5A746D008EAAA3 /* WuZiChi.app */,
				4E4D0A611B5A746D008EAAA3 /* WuZiChiTests.xctest */,
			);
			name = Products;
			sourceTree = "<group>";
		};
		4E4D0A471B5A746D008EAAA3 /* WuZiChi */ = {
			isa = PBXGroup;
			children = (
				4E4D0A4C1B5A746D008EAAA3 /* AppDelegate.h */,
				4E4D0A4D1B5A746D008EAAA3 /* AppDelegate.m */,
				4E4D0A521B5A746D008EAAA3 /* ViewController.h */,
				4E4D0A531B5A746D008EAAA3 /* ViewController.m */,
				4E4D0A7A1B5A749D008EAAA3 /* WuZiChi */,
				4E4D0A551B5A746D008EAAA3 /* Main.storyboard */,
				4E4D0A581B5A746D008EAAA3 /* Images.xcassets */,
				4E4D0A5A1B5A746D008EAAA3 /* LaunchScreen.xib */,
				4E4D0A4F1B5A746D008EAAA3 /* WuZiChi.xcdatamodeld */,
				4E4D0A481B5A746D008EAAA3 /* Supporting Files */,
			);
			path = WuZiChi;
			sourceTree = "<group>";
		};
		4E4D0A481B5A746D008EAAA3 /* Supporting Files */ = {
			isa = PBXGroup;
			children = (
				4E4D0A491B5A746D008EAAA3 /* Info.plist */,
				4E4D0A4A1B5A746D008EAAA3 /* main.m */,
			);
			name = "Supporting Files";
			sourceTree = "<group>";
		};
		4E4D0A641B5A746D008EAAA3 /* WuZiChiTests */ = {
			isa = PBXGroup;
			children = (
				4E4D0A671B5A746D008EAAA3 /* WuZiChiTests.m */,
				4E4D0A651B5A746D008EAAA3 /* Supporting Files */,
			);
			path = WuZiChiTests;
			sourceTree = "<group>";
		};
		4E4D0A651B5A746D008EAAA3 /* Supporting Files */ = {
			isa = PBXGroup;
			children = (
				4E4D0A661B5A746D008EAAA3 /* Info.plist */,
			);
			name = "Supporting Files";
			sourceTree = "<group>";
		};
		4E4D0A7A1B5A749D008EAAA3 /* WuZiChi */ = {
			isa = PBXGroup;
			children = (
				4E4D0A711B5A7495008EAAA3 /* FivePoint.h */,
				4E4D0A721B5A7495008EAAA3 /* FivePoint.m */,
				4E4D0A841B5AAC97008EAAA3 /* MatrixView.h */,
				4E4D0A851B5AAC97008EAAA3 /* MatrixView.m */,
				4E4D0A861B5AAC97008EAAA3 /* DotView.h */,
				4E4D0A871B5AAC97008EAAA3 /* DotView.m */,
				4E4D0A7B1B5A81AA008EAAA3 /* WinnerChecker.h */,
				4E4D0A7C1B5A81AA008EAAA3 /* WinnerChecker.m */,
			);
			name = WuZiChi;
			sourceTree = "<group>";
		};
/* End PBXGroup section */

/* Begin PBXNativeTarget section */
		4E4D0A441B5A746D008EAAA3 /* WuZiChi */ = {
			isa = PBXNativeTarget;
			buildConfigurationList = 4E4D0A6B1B5A746D008EAAA3 /* Build configuration list for PBXNativeTarget "WuZiChi" */;
			buildPhases = (
				4E4D0A411B5A746D008EAAA3 /* Sources */,
				4E4D0A421B5A746D008EAAA3 /* Frameworks */,
				4E4D0A431B5A746D008EAAA3 /* Resources */,
			);
			buildRules = (
			);
			dependencies = (
			);
			name = WuZiChi;
			productName = WuZiChi;
			productReference = 4E4D0A451B5A746D008EAAA3 /* WuZiChi.app */;
			productType = "com.apple.product-type.application";
		};
		4E4D0A601B5A746D008EAAA3 /* WuZiChiTests */ = {
			isa = PBXNativeTarget;
			buildConfigurationList = 4E4D0A6E1B5A746D008EAAA3 /* Build configuration list for PBXNativeTarget "WuZiChiTests" */;
			buildPhases = (
				4E4D0A5D1B5A746D008EAAA3 /* Sources */,
				4E4D0A5E1B5A746D008EAAA3 /* Frameworks */,
				4E4D0A5F1B5A746D008EAAA3 /* Resources */,
			);
			buildRules = (
			);
			dependencies = (
				4E4D0A631B5A746D008EAAA3 /* PBXTargetDependency */,
			);
			name = WuZiChiTests;
			productName = WuZiChiTests;
			productReference = 4E4D0A611B5A746D008EAAA3 /* WuZiChiTests.xctest */;
			productType = "com.apple.product-type.bundle.unit-test";
		};
/* End PBXNativeTarget section */

/* Begin PBXProject section */
		4E4D0A3D1B5A746D008EAAA3 /* Project object */ = {
			isa = PBXProject;
			attributes = {
				LastUpgradeCheck = 0640;
				ORGANIZATIONNAME = "Joseph Liao";
				TargetAttributes = {
					4E4D0A441B5A746D008EAAA3 = {
						CreatedOnToolsVersion = 6.4;
						DevelopmentTeam = B8LRBM6UYQ;
					};
					4E4D0A601B5A746D008EAAA3 = {
						CreatedOnToolsVersion = 6.4;
						TestTargetID = 4E4D0A441B5A746D008EAAA3;
					};
				};
			};
			buildConfigurationList = 4E4D0A401B5A746D008EAAA3 /* Build configuration list for PBXProject "WuZiChi" */;
			compatibilityVersion = "Xcode 3.2";
			developmentRegion = English;
			hasScannedForEncodings = 0;
			knownRegions = (
				en,
				Base,
			);
			mainGroup = 4E4D0A3C1B5A746D008EAAA3;
			productRefGroup = 4E4D0A461B5A746D008EAAA3 /* Products */;
			projectDirPath = "";
			projectRoot = "";
			targets = (
				4E4D0A441B5A746D008EAAA3 /* WuZiChi */,
				4E4D0A601B5A746D008EAAA3 /* WuZiChiTests */,
			);
		};
/* End PBXProject section */

/* Begin PBXResourcesBuildPhase section */
		4E4D0A431B5A746D008EAAA3 /* Resources */ = {
			isa = PBXResourcesBuildPhase;
			buildActionMask = 2147483647;
			files = (
				4E4D0A571B5A746D008EAAA3 /* Main.storyboard in Resources */,
				4E4D0A5C1B5A746D008EAAA3 /* LaunchScreen.xib in Resources */,
				4E4D0A591B5A746D008EAAA3 /* Images.xcassets in Resources */,
			);
			runOnlyForDeploymentPostprocessing = 0;
		};
		4E4D0A5F1B5A746D008EAAA3 /* Resources */ = {
			isa = PBXResourcesBuildPhase;
			buildActionMask = 2147483647;
			files = (
			);
			runOnlyForDeploymentPostprocessing = 0;
		};
/* End PBXResourcesBuildPhase section */

/* Begin PBXSourcesBuildPhase section */
		4E4D0A411B5A746D008EAAA3 /* Sources */ = {
			isa = PBXSourcesBuildPhase;
			buildActionMask = 2147483647;
			files = (
				4E4D0A4E1B5A746D008EAAA3 /* AppDelegate.m in Sources */,
				4E4D0A511B5A746D008EAAA3 /* WuZiChi.xcdatamodeld in Sources */,
				4E4D0A7D1B5A81AA008EAAA3 /* WinnerChecker.m in Sources */,
				4E4D0A541B5A746D008EAAA3 /* ViewController.m in Sources */,
				4E4D0A881B5AAC97008EAAA3 /* MatrixView.m in Sources */,
				4E4D0A771B5A7495008EAAA3 /* FivePoint.m in Sources */,
				4E4D0A891B5AAC97008EAAA3 /* DotView.m in Sources */,
				4E4D0A4B1B5A746D008EAAA3 /* main.m in Sources */,
			);
			runOnlyForDeploymentPostprocessing = 0;
		};
		4E4D0A5D1B5A746D008EAAA3 /* Sources */ = {
			isa = PBXSourcesBuildPhase;
			buildActionMask = 2147483647;
			files = (
				4E4D0A681B5A746D008EAAA3 /* WuZiChiTests.m in Sources */,
			);
			runOnlyForDeploymentPostprocessing = 0;
		};
/* End PBXSourcesBuildPhase section */

/* Begin PBXTargetDependency section */
		4E4D0A631B5A746D008EAAA3 /* PBXTargetDependency */ = {
			isa = PBXTargetDependency;
			target = 4E4D0A441B5A746D008EAAA3 /* WuZiChi */;
			targetProxy = 4E4D0A621B5A746D008EAAA3 /* PBXContainerItemProxy */;
		};
/* End PBXTargetDependency section */

/* Begin PBXVariantGroup section */
		4E4D0A551B5A746D008EAAA3 /* Main.storyboard */ = {
			isa = PBXVariantGroup;
			children = (
				4E4D0A561B5A746D008EAAA3 /* Base */,
			);
			name = Main.storyboard;
			sourceTree = "<group>";
		};
		4E4D0A5A1B5A746D008EAAA3 /* LaunchScreen.xib */ = {
			isa = PBXVariantGroup;
			children = (
				4E4D0A5B1B5A746D008EAAA3 /* Base */,
			);
			name = LaunchScreen.xib;
			sourceTree = "<group>";
		};
/* End PBXVariantGroup section */

/* Begin XCBuildConfiguration section */
		4E4D0A691B5A746D008EAAA3 /* Debug */ = {
			isa = XCBuildConfiguration;
			buildSettings = {
				ALWAYS_SEARCH_USER_PATHS = NO;
				CLANG_CXX_LANGUAGE_STANDARD = "gnu++0x";
				CLANG_CXX_LIBRARY = "libc++";
				CLANG_ENABLE_MODULES = YES;
				CLANG_ENABLE_OBJC_ARC = YES;
				CLANG_WARN_BOOL_CONVERSION = YES;
				CLANG_WARN_CONSTANT_CONVERSION = YES;
				CLANG_WARN_DIRECT_OBJC_ISA_USAGE = YES_ERROR;
				CLANG_WARN_EMPTY_BODY = YES;
				CLANG_WARN_ENUM_CONVERSION = YES;
				CLANG_WARN_INT_CONVERSION = YES;
				CLANG_WARN_OBJC_ROOT_CLASS = YES_ERROR;
				CLANG_WARN_UNREACHABLE_CODE = YES;
				CLANG_WARN__DUPLICATE_METHOD_MATCH = YES;
				"CODE_SIGN_IDENTITY[sdk=iphoneos*]" = "iPhone Developer";
				COPY_PHASE_STRIP = NO;
				DEBUG_INFORMATION_FORMAT = "dwarf-with-dsym";
				ENABLE_STRICT_OBJC_MSGSEND = YES;
				GCC_C_LANGUAGE_STANDARD = gnu99;
				GCC_DYNAMIC_NO_PIC = NO;
				GCC_NO_COMMON_BLOCKS = YES;
				GCC_OPTIMIZATION_LEVEL = 0;
				GCC_PREPROCESSOR_DEFINITIONS = (
					"DEBUG=1",
					"$(inherited)",
				);
				GCC_SYMBOLS_PRIVATE_EXTERN = NO;
				GCC_WARN_64_TO_32_BIT_CONVERSION = YES;
				GCC_WARN_ABOUT_RETURN_TYPE = YES_ERROR;
				GCC_WARN_UNDECLARED_SELECTOR = YES;
				GCC_WARN_UNINITIALIZED_AUTOS = YES_AGGRESSIVE;
				GCC_WARN_UNUSED_FUNCTION = YES;
				GCC_WARN_UNUSED_VARIABLE = YES;
				IPHONEOS_DEPLOYMENT_TARGET = 8.4;
				MTL_ENABLE_DEBUG_INFO = YES;
				ONLY_ACTIVE_ARCH = YES;
				SDKROOT = iphoneos;
				TARGETED_DEVICE_FAMILY = "1,2";
			};
			name = Debug;
		};
		4E4D0A6A1B5A746D008EAAA3 /* Release */ = {
			isa = XCBuildConfiguration;
			buildSettings = {
				ALWAYS_SEARCH_USER_PATHS = NO;
				CLANG_CXX_LANGUAGE_STANDARD = "gnu++0x";
				CLANG_CXX_LIBRARY = "libc++";
				CLANG_ENABLE_MODULES = YES;
				CLANG_ENABLE_OBJC_ARC = YES;
				CLANG_WARN_BOOL_CONVERSION = YES;
				CLANG_WARN_CONSTANT_CONVERSION = YES;
				CLANG_WARN_DIRECT_OBJC_ISA_USAGE = YES_ERROR;
				CLANG_WARN_EMPTY_BODY = YES;
				CLANG_WARN_ENUM_CONVERSION = YES;
				CLANG_WARN_INT_CONVERSION = YES;
				CLANG_WARN_OBJC_ROOT_CLASS = YES_ERROR;
				CLANG_WARN_UNREACHABLE_CODE = YES;
				CLANG_WARN__DUPLICATE_METHOD_MATCH = YES;
				"CODE_SIGN_IDENTITY[sdk=iphoneos*]" = "iPhone Developer";
				COPY_PHASE_STRIP = NO;
				DEBUG_INFORMATION_FORMAT = "dwarf-with-dsym";
				ENABLE_NS_ASSERTIONS = NO;
				ENABLE_STRICT_OBJC_MSGSEND = YES;
				GCC_C_LANGUAGE_STANDARD = gnu99;
				GCC_NO_COMMON_BLOCKS = YES;
				GCC_WARN_64_TO_32_BIT_CONVERSION = YES;
				GCC_WARN_ABOUT_RETURN_TYPE = YES_ERROR;
				GCC_WARN_UNDECLARED_SELECTOR = YES;
				GCC_WARN_UNINITIALIZED_AUTOS = YES_AGGRESSIVE;
				GCC_WARN_UNUSED_FUNCTION = YES;
				GCC_WARN_UNUSED_VARIABLE = YES;
				IPHONEOS_DEPLOYMENT_TARGET = 8.4;
				MTL_ENABLE_DEBUG_INFO = NO;
				SDKROOT = iphoneos;
				TARGETED_DEVICE_FAMILY = "1,2";
				VALIDATE_PRODUCT = YES;
			};
			name = Release;
		};
		4E4D0A6C1B5A746D008EAAA3 /* Debug */ = {
			isa = XCBuildConfiguration;
			buildSettings = {
				ASSETCATALOG_COMPILER_APPICON_NAME = AppIcon;
				CODE_SIGN_IDENTITY = "iPhone Developer";
				INFOPLIST_FILE = WuZiChi/Info.plist;
				IPHONEOS_DEPLOYMENT_TARGET = 8.0;
				LD_RUNPATH_SEARCH_PATHS = "$(inherited) @executable_path/Frameworks";
				PRODUCT_NAME = "$(TARGET_NAME)";
			};
			name = Debug;
		};
		4E4D0A6D1B5A746D008EAAA3 /* Release */ = {
			isa = XCBuildConfiguration;
			buildSettings = {
				ASSETCATALOG_COMPILER_APPICON_NAME = AppIcon;
				CODE_SIGN_IDENTITY = "iPhone Developer";
				INFOPLIST_FILE = WuZiChi/Info.plist;
				IPHONEOS_DEPLOYMENT_TARGET = 8.0;
				LD_RUNPATH_SEARCH_PATHS = "$(inherited) @executable_path/Frameworks";
				PRODUCT_NAME = "$(TARGET_NAME)";
			};
			name = Release;
		};
		4E4D0A6F1B5A746D008EAAA3 /* Debug */ = {
			isa = XCBuildConfiguration;
			buildSettings = {
				BUNDLE_LOADER = "$(TEST_HOST)";
				FRAMEWORK_SEARCH_PATHS = (
					"$(SDKROOT)/Developer/Library/Frameworks",
					"$(inherited)",
				);
				GCC_PREPROCESSOR_DEFINITIONS = (
					"DEBUG=1",
					"$(inherited)",
				);
				INFOPLIST_FILE = WuZiChiTests/Info.plist;
				LD_RUNPATH_SEARCH_PATHS = "$(inherited) @executable_path/Frameworks @loader_path/Frameworks";
				PRODUCT_NAME = "$(TARGET_NAME)";
				TEST_HOST = "$(BUILT_PRODUCTS_DIR)/WuZiChi.app/WuZiChi";
			};
			name = Debug;
		};
		4E4D0A701B5A746D008EAAA3 /* Release */ = {
			isa = XCBuildConfiguration;
			buildSettings = {
				BUNDLE_LOADER = "$(TEST_HOST)";
				FRAMEWORK_SEARCH_PATHS = (
					"$(SDKROOT)/Developer/Library/Frameworks",
					"$(inherited)",
				);
				INFOPLIST_FILE = WuZiChiTests/Info.plist;
				LD_RUNPATH_SEARCH_PATHS = "$(inherited) @executable_path/Frameworks @loader_path/Frameworks";
				PRODUCT_NAME = "$(TARGET_NAME)";
				TEST_HOST = "$(BUILT_PRODUCTS_DIR)/WuZiChi.app/WuZiChi";
			};
			name = Release;
		};
/* End XCBuildConfiguration section */

/* Begin XCConfigurationList section */
		4E4D0A401B5A746D008EAAA3 /* Build configuration list for PBXProject "WuZiChi" */ = {
			isa = XCConfigurationList;
			buildConfigurations = (
				4E4D0A691B5A746D008EAAA3 /* Debug */,
				4E4D0A6A1B5A746D008EAAA3 /* Release */,
			);
			defaultConfigurationIsVisible = 0;
			defaultConfigurationName = Release;
		};
		4E4D0A6B1B5A746D008EAAA3 /* Build configuration list for PBXNativeTarget "WuZiChi" */ = {
			isa = XCConfigurationList;
			buildConfigurations = (
				4E4D0A6C1B5A746D008EAAA3 /* Debug */,
				4E4D0A6D1B5A746D008EAAA3 /* Release */,
			);
			defaultConfigurationIsVisible = 0;
			defaultConfigurationName = Release;
		};
		4E4D0A6E1B5A746D008EAAA3 /* Build configuration list for PBXNativeTarget "WuZiChiTests" */ = {
			isa = XCConfigurationList;
			buildConfigurations = (
				4E4D0A6F1B5A746D008EAAA3 /* Debug */,
				4E4D0A701B5A746D008EAAA3 /* Release */,
			);
			defaultConfigurationIsVisible = 0;
			defaultConfigurationName = Release;
		};
/* End XCConfigurationList section */

/* Begin XCVersionGroup section */
		4E4D0A4F1B5A746D008EAAA3 /* WuZiChi.xcdatamodeld */ = {
			isa = XCVersionGroup;
			children = (
				4E4D0A501B5A746D008EAAA3 /* WuZiChi.xcdatamodel */,
			);
			currentVersion = 4E4D0A501B5A746D008EAAA3 /* WuZiChi.xcdatamodel */;
			path = WuZiChi.xcdatamodeld;
			sourceTree = "<group>";
			versionGroupType = wrapper.xcdatamodel;
		};
/* End XCVersionGroup section */
	};
	rootObject = 4E4D0A3D1B5A746D008EAAA3 /* Project object */;
}
